
Microsoft Visual Studio Solution File, Format Version 12.00
# Visual Studio Version 17
VisualStudioVersion = 17.9.34622.214
MinimumVisualStudioVersion = 10.0.40219.1
Project("{FAE04EC0-301F-11D3-BF4B-00C04F79EFBC}") = "Finanzas", "Finanzas\Finanzas.csproj", "{42AB4002-9E89-48D7-85E1-448F7C607DB4}"
EndProject
Global
	GlobalSection(SolutionConfigurationPlatforms) = preSolution
		Debug|Any CPU = Debug|Any CPU
		Release|Any CPU = Release|Any CPU
	EndGlobalSection
	GlobalSection(ProjectConfigurationPlatforms) = postSolution
		{42AB4002-9E89-48D7-85E1-448F7C607DB4}.Debug|Any CPU.ActiveCfg = Debug|Any CPU
		{42AB4002-9E89-48D7-85E1-448F7C607DB4}.Debug|Any CPU.Build.0 = Debug|Any CPU
		{42AB4002-9E89-48D7-85E1-448F7C607DB4}.Release|Any CPU.ActiveCfg = Release|Any CPU
		{42AB4002-9E89-48D7-85E1-448F7C607DB4}.Release|Any CPU.Build.0 = Release|Any CPU
	EndGlobalSection
	GlobalSection(SolutionProperties) = preSolution
		HideSolutionNode = FALSE
	EndGlobalSection
	GlobalSection(ExtensibilityGlobals) = postSolution
		SolutionGuid = {8FA49CD6-57B8-4026-B1C1-5B19E1FBA5B9}
	EndGlobalSection
EndGlobal
